
Microsoft Visual Studio Solution File, Format Version 11.00
# Visual Studio 2010
Project("{FAE04EC0-301F-11D3-BF4B-00C04F79EFBC}") = "ByteBank", "ByteBank\ByteBank.csproj", "{7A5EFB7B-A733-4851-BB35-0D7968D3C805}"
EndProject
Global
	GlobalSection(SolutionConfigurationPlatforms) = preSolution
		Debug|x86 = Debug|x86
		Release|x86 = Release|x86
	EndGlobalSection
	GlobalSection(ProjectConfigurationPlatforms) = postSolution
		{7A5EFB7B-A733-4851-BB35-0D7968D3C805}.Debug|x86.ActiveCfg = Debug|x86
		{7A5EFB7B-A733-4851-BB35-0D7968D3C805}.Debug|x86.Build.0 = Debug|x86
		{7A5EFB7B-A733-4851-BB35-0D7968D3C805}.Release|x86.ActiveCfg = Release|x86
		{7A5EFB7B-A733-4851-BB35-0D7968D3C805}.Release|x86.Build.0 = Release|x86
	EndGlobalSection
	GlobalSection(SolutionProperties) = preSolution
		HideSolutionNode = FALSE
	EndGlobalSection
EndGlobal
